
Microsoft Visual Studio Solution File, Format Version 12.00
# Visual Studio Version 17
VisualStudioVersion = 17.0.31903.59
MinimumVisualStudioVersion = 10.0.40219.1
Project("{FAE04EC0-301F-11D3-BF4B-00C04F79EFBC}") = "EcoExpresso.Domain", "src\EcoExpresso.Domain\EcoExpresso.Domain.csproj", "{138FFBAF-01D2-4F82-B0E4-401F166976DB}"
EndProject
Project("{FAE04EC0-301F-11D3-BF4B-00C04F79EFBC}") = "EcoExpresso.DataAccess", "src\EcoExpresso.DataAccess\EcoExpresso.DataAccess.csproj", "{1C8F852E-8911-493C-AF7D-D15CE7DD4AEC}"
EndProject
Project("{FAE04EC0-301F-11D3-BF4B-00C04F79EFBC}") = "EcoExpresson.Service", "src\EcoExpresson.Service\EcoExpresson.Service.csproj", "{5E502474-8993-4B87-B509-71633754D220}"
EndProject
Project("{FAE04EC0-301F-11D3-BF4B-00C04F79EFBC}") = "EcoExpresso.API", "src\EcoExpresso.API\EcoExpresso.API.csproj", "{D1383E46-7BDB-49FD-8ED8-781376AB9216}"
EndProject
Global
	GlobalSection(SolutionConfigurationPlatforms) = preSolution
		Debug|Any CPU = Debug|Any CPU
		Release|Any CPU = Release|Any CPU
	EndGlobalSection
	GlobalSection(ProjectConfigurationPlatforms) = postSolution
		{138FFBAF-01D2-4F82-B0E4-401F166976DB}.Debug|Any CPU.ActiveCfg = Debug|Any CPU
		{138FFBAF-01D2-4F82-B0E4-401F166976DB}.Debug|Any CPU.Build.0 = Debug|Any CPU
		{138FFBAF-01D2-4F82-B0E4-401F166976DB}.Release|Any CPU.ActiveCfg = Release|Any CPU
		{138FFBAF-01D2-4F82-B0E4-401F166976DB}.Release|Any CPU.Build.0 = Release|Any CPU
		{1C8F852E-8911-493C-AF7D-D15CE7DD4AEC}.Debug|Any CPU.ActiveCfg = Debug|Any CPU
		{1C8F852E-8911-493C-AF7D-D15CE7DD4AEC}.Debug|Any CPU.Build.0 = Debug|Any CPU
		{1C8F852E-8911-493C-AF7D-D15CE7DD4AEC}.Release|Any CPU.ActiveCfg = Release|Any CPU
		{1C8F852E-8911-493C-AF7D-D15CE7DD4AEC}.Release|Any CPU.Build.0 = Release|Any CPU
		{5E502474-8993-4B87-B509-71633754D220}.Debug|Any CPU.ActiveCfg = Debug|Any CPU
		{5E502474-8993-4B87-B509-71633754D220}.Debug|Any CPU.Build.0 = Debug|Any CPU
		{5E502474-8993-4B87-B509-71633754D220}.Release|Any CPU.ActiveCfg = Release|Any CPU
		{5E502474-8993-4B87-B509-71633754D220}.Release|Any CPU.Build.0 = Release|Any CPU
		{D1383E46-7BDB-49FD-8ED8-781376AB9216}.Debug|Any CPU.ActiveCfg = Debug|Any CPU
		{D1383E46-7BDB-49FD-8ED8-781376AB9216}.Debug|Any CPU.Build.0 = Debug|Any CPU
		{D1383E46-7BDB-49FD-8ED8-781376AB9216}.Release|Any CPU.ActiveCfg = Release|Any CPU
		{D1383E46-7BDB-49FD-8ED8-781376AB9216}.Release|Any CPU.Build.0 = Release|Any CPU
	EndGlobalSection
	GlobalSection(SolutionProperties) = preSolution
		HideSolutionNode = FALSE
	EndGlobalSection
	GlobalSection(ExtensibilityGlobals) = postSolution
		SolutionGuid = {EA9CF4BB-8B0E-48DC-A01B-5426D199E86B}
	EndGlobalSection
EndGlobal
